// !$*UTF8*$!
{
	archiveVersion = 1;
	classes = {
	};
	objectVersion = 50;
	objects = {

/* Begin PBXBuildFile section */
		A69633CF240761AE00EF9ADE /* AppDelegate.m in Sources */ = {isa = PBXBuildFile; fileRef = A69633CE240761AE00EF9ADE /* AppDelegate.m */; };
		A69633D2240761AE00EF9ADE /* SceneDelegate.m in Sources */ = {isa = PBXBuildFile; fileRef = A69633D1240761AE00EF9ADE /* SceneDelegate.m */; };
		A69633D5240761AE00EF9ADE /* ViewController.m in Sources */ = {isa = PBXBuildFile; fileRef = A69633D4240761AE00EF9ADE /* ViewController.m */; };
		A69633D8240761AE00EF9ADE /* Main.storyboard in Resources */ = {isa = PBXBuildFile; fileRef = A69633D6240761AE00EF9ADE /* Main.storyboard */; };
		A69633DA240761B300EF9ADE /* Assets.xcassets in Resources */ = {isa = PBXBuildFile; fileRef = A69633D9240761B300EF9ADE /* Assets.xcassets */; };
		A69633DD240761B300EF9ADE /* LaunchScreen.storyboard in Resources */ = {isa = PBXBuildFile; fileRef = A69633DB240761B300EF9ADE /* LaunchScreen.storyboard */; };
		A69633E0240761B300EF9ADE /* main.m in Sources */ = {isa = PBXBuildFile; fileRef = A69633DF240761B300EF9ADE /* main.m */; };
		A69633EA2407625D00EF9ADE /* BusinessInvitationCell.xib in Resources */ = {isa = PBXBuildFile; fileRef = A69633E72407625D00EF9ADE /* BusinessInvitationCell.xib */; };
		A69633EB2407625D00EF9ADE /* BusinessInvitationCell.m in Sources */ = {isa = PBXBuildFile; fileRef = A69633E92407625D00EF9ADE /* BusinessInvitationCell.m */; };
		A696341B2407627B00EF9ADE /* UIScrollView+MJRefresh.m in Sources */ = {isa = PBXBuildFile; fileRef = A69633ED2407627B00EF9ADE /* UIScrollView+MJRefresh.m */; };
		A696341C2407627B00EF9ADE /* MJRefreshConst.m in Sources */ = {isa = PBXBuildFile; fileRef = A69633EE2407627B00EF9ADE /* MJRefreshConst.m */; };
		A696341D2407627B00EF9ADE /* MJRefresh.bundle in Resources */ = {isa = PBXBuildFile; fileRef = A69633F22407627B00EF9ADE /* MJRefresh.bundle */; };
		A696341E2407627B00EF9ADE /* UIScrollView+MJExtension.m in Sources */ = {isa = PBXBuildFile; fileRef = A69633F42407627B00EF9ADE /* UIScrollView+MJExtension.m */; };
		A696341F2407627B00EF9ADE /* NSBundle+MJRefresh.m in Sources */ = {isa = PBXBuildFile; fileRef = A69633F72407627B00EF9ADE /* NSBundle+MJRefresh.m */; };
		A69634202407627B00EF9ADE /* UIView+MJExtension.m in Sources */ = {isa = PBXBuildFile; fileRef = A69633F82407627B00EF9ADE /* UIView+MJExtension.m */; };
		A69634212407627B00EF9ADE /* MJRefreshBackGifFooter.m in Sources */ = {isa = PBXBuildFile; fileRef = A69633FF2407627B00EF9ADE /* MJRefreshBackGifFooter.m */; };
		A69634222407627B00EF9ADE /* MJRefreshBackStateFooter.m in Sources */ = {isa = PBXBuildFile; fileRef = A69634002407627B00EF9ADE /* MJRefreshBackStateFooter.m */; };
		A69634232407627B00EF9ADE /* MJRefreshBackNormalFooter.m in Sources */ = {isa = PBXBuildFile; fileRef = A69634012407627B00EF9ADE /* MJRefreshBackNormalFooter.m */; };
		A69634242407627B00EF9ADE /* MJRefreshAutoStateFooter.m in Sources */ = {isa = PBXBuildFile; fileRef = A69634062407627B00EF9ADE /* MJRefreshAutoStateFooter.m */; };
		A69634252407627B00EF9ADE /* MJRefreshAutoGifFooter.m in Sources */ = {isa = PBXBuildFile; fileRef = A69634072407627B00EF9ADE /* MJRefreshAutoGifFooter.m */; };
		A69634262407627B00EF9ADE /* MJRefreshAutoNormalFooter.m in Sources */ = {isa = PBXBuildFile; fileRef = A69634082407627B00EF9ADE /* MJRefreshAutoNormalFooter.m */; };
		A69634272407627B00EF9ADE /* MJRefreshNormalHeader.m in Sources */ = {isa = PBXBuildFile; fileRef = A696340A2407627B00EF9ADE /* MJRefreshNormalHeader.m */; };
		A69634282407627B00EF9ADE /* MJRefreshStateHeader.m in Sources */ = {isa = PBXBuildFile; fileRef = A696340E2407627B00EF9ADE /* MJRefreshStateHeader.m */; };
		A69634292407627B00EF9ADE /* MJRefreshGifHeader.m in Sources */ = {isa = PBXBuildFile; fileRef = A696340F2407627B00EF9ADE /* MJRefreshGifHeader.m */; };
		A696342A2407627B00EF9ADE /* MJRefreshFooter.m in Sources */ = {isa = PBXBuildFile; fileRef = A69634112407627B00EF9ADE /* MJRefreshFooter.m */; };
		A696342B2407627B00EF9ADE /* MJRefreshHeader.m in Sources */ = {isa = PBXBuildFile; fileRef = A69634132407627B00EF9ADE /* MJRefreshHeader.m */; };
		A696342C2407627B00EF9ADE /* MJRefreshBackFooter.m in Sources */ = {isa = PBXBuildFile; fileRef = A69634152407627B00EF9ADE /* MJRefreshBackFooter.m */; };
		A696342D2407627B00EF9ADE /* MJRefreshAutoFooter.m in Sources */ = {isa = PBXBuildFile; fileRef = A69634162407627B00EF9ADE /* MJRefreshAutoFooter.m */; };
		A696342E2407627B00EF9ADE /* MJRefreshComponent.m in Sources */ = {isa = PBXBuildFile; fileRef = A69634182407627B00EF9ADE /* MJRefreshComponent.m */; };
		A696343224076C1D00EF9ADE /* BusinessInvitation.m in Sources */ = {isa = PBXBuildFile; fileRef = A696343124076C1D00EF9ADE /* BusinessInvitation.m */; };
		A6963437240791C000EF9ADE /* BusinessInvitationToolBar.m in Sources */ = {isa = PBXBuildFile; fileRef = A6963435240791C000EF9ADE /* BusinessInvitationToolBar.m */; };
		A6963438240791C000EF9ADE /* BusinessInvitationToolBar.xib in Resources */ = {isa = PBXBuildFile; fileRef = A6963436240791C000EF9ADE /* BusinessInvitationToolBar.xib */; };
/* End PBXBuildFile section */

/* Begin PBXFileReference section */
		A69633CA240761AE00EF9ADE /* TableViewSelectedDemo.app */ = {isa = PBXFileReference; explicitFileType = wrapper.application; includeInIndex = 0; path = TableViewSelectedDemo.app; sourceTree = BUILT_PRODUCTS_DIR; };
		A69633CD240761AE00EF9ADE /* AppDelegate.h */ = {isa = PBXFileReference; lastKnownFileType = sourcecode.c.h; path = AppDelegate.h; sourceTree = "<group>"; };
		A69633CE240761AE00EF9ADE /* AppDelegate.m */ = {isa = PBXFileReference; lastKnownFileType = sourcecode.c.objc; path = AppDelegate.m; sourceTree = "<group>"; };
		A69633D0240761AE00EF9ADE /* SceneDelegate.h */ = {isa = PBXFileReference; lastKnownFileType = sourcecode.c.h; path = SceneDelegate.h; sourceTree = "<group>"; };
		A69633D1240761AE00EF9ADE /* SceneDelegate.m */ = {isa = PBXFileReference; lastKnownFileType = sourcecode.c.objc; path = SceneDelegate.m; sourceTree = "<group>"; };
		A69633D3240761AE00EF9ADE /* ViewController.h */ = {isa = PBXFileReference; lastKnownFileType = sourcecode.c.h; path = ViewController.h; sourceTree = "<group>"; };
		A69633D4240761AE00EF9ADE /* ViewController.m */ = {isa = PBXFileReference; lastKnownFileType = sourcecode.c.objc; path = ViewController.m; sourceTree = "<group>"; };
		A69633D7240761AE00EF9ADE /* Base */ = {isa = PBXFileReference; lastKnownFileType = file.storyboard; name = Base; path = Base.lproj/Main.storyboard; sourceTree = "<group>"; };
		A69633D9240761B300EF9ADE /* Assets.xcassets */ = {isa = PBXFileReference; lastKnownFileType = folder.assetcatalog; path = Assets.xcassets; sourceTree = "<group>"; };
		A69633DC240761B300EF9ADE /* Base */ = {isa = PBXFileReference; lastKnownFileType = file.storyboard; name = Base; path = Base.lproj/LaunchScreen.storyboard; sourceTree = "<group>"; };
		A69633DE240761B300EF9ADE /* Info.plist */ = {isa = PBXFileReference; lastKnownFileType = text.plist.xml; path = Info.plist; sourceTree = "<group>"; };
		A69633DF240761B300EF9ADE /* main.m */ = {isa = PBXFileReference; lastKnownFileType = sourcecode.c.objc; path = main.m; sourceTree = "<group>"; };
		A69633E72407625D00EF9ADE /* BusinessInvitationCell.xib */ = {isa = PBXFileReference; fileEncoding = 4; lastKnownFileType = file.xib; path = BusinessInvitationCell.xib; sourceTree = "<group>"; };
		A69633E82407625D00EF9ADE /* BusinessInvitationCell.h */ = {isa = PBXFileReference; fileEncoding = 4; lastKnownFileType = sourcecode.c.h; path = BusinessInvitationCell.h; sourceTree = "<group>"; };
		A69633E92407625D00EF9ADE /* BusinessInvitationCell.m */ = {isa = PBXFileReference; fileEncoding = 4; lastKnownFileType = sourcecode.c.objc; path = BusinessInvitationCell.m; sourceTree = "<group>"; };
		A69633ED2407627B00EF9ADE /* UIScrollView+MJRefresh.m */ = {isa = PBXFileReference; fileEncoding = 4; lastKnownFileType = sourcecode.c.objc; path = "UIScrollView+MJRefresh.m"; sourceTree = "<group>"; };
		A69633EE2407627B00EF9ADE /* MJRefreshConst.m */ = {isa = PBXFileReference; fileEncoding = 4; lastKnownFileType = sourcecode.c.objc; path = MJRefreshConst.m; sourceTree = "<group>"; };
		A69633EF2407627B00EF9ADE /* UIScrollView+MJExtension.h */ = {isa = PBXFileReference; fileEncoding = 4; lastKnownFileType = sourcecode.c.h; path = "UIScrollView+MJExtension.h"; sourceTree = "<group>"; };
		A69633F02407627B00EF9ADE /* MJRefresh.h */ = {isa = PBXFileReference; fileEncoding = 4; lastKnownFileType = sourcecode.c.h; path = MJRefresh.h; sourceTree = "<group>"; };
		A69633F12407627B00EF9ADE /* NSBundle+MJRefresh.h */ = {isa = PBXFileReference; fileEncoding = 4; lastKnownFileType = sourcecode.c.h; path = "NSBundle+MJRefresh.h"; sourceTree = "<group>"; };
		A69633F22407627B00EF9ADE /* MJRefresh.bundle */ = {isa = PBXFileReference; lastKnownFileType = "wrapper.plug-in"; path = MJRefresh.bundle; sourceTree = "<group>"; };
		A69633F32407627B00EF9ADE /* UIView+MJExtension.h */ = {isa = PBXFileReference; fileEncoding = 4; lastKnownFileType = sourcecode.c.h; path = "UIView+MJExtension.h"; sourceTree = "<group>"; };
		A69633F42407627B00EF9ADE /* UIScrollView+MJExtension.m */ = {isa = PBXFileReference; fileEncoding = 4; lastKnownFileType = sourcecode.c.objc; path = "UIScrollView+MJExtension.m"; sourceTree = "<group>"; };
		A69633F52407627B00EF9ADE /* MJRefreshConst.h */ = {isa = PBXFileReference; fileEncoding = 4; lastKnownFileType = sourcecode.c.h; path = MJRefreshConst.h; sourceTree = "<group>"; };
		A69633F62407627B00EF9ADE /* UIScrollView+MJRefresh.h */ = {isa = PBXFileReference; fileEncoding = 4; lastKnownFileType = sourcecode.c.h; path = "UIScrollView+MJRefresh.h"; sourceTree = "<group>"; };
		A69633F72407627B00EF9ADE /* NSBundle+MJRefresh.m */ = {isa = PBXFileReference; fileEncoding = 4; lastKnownFileType = sourcecode.c.objc; path = "NSBundle+MJRefresh.m"; sourceTree = "<group>"; };
		A69633F82407627B00EF9ADE /* UIView+MJExtension.m */ = {isa = PBXFileReference; fileEncoding = 4; lastKnownFileType = sourcecode.c.objc; path = "UIView+MJExtension.m"; sourceTree = "<group>"; };
		A69633FC2407627B00EF9ADE /* MJRefreshBackGifFooter.h */ = {isa = PBXFileReference; fileEncoding = 4; lastKnownFileType = sourcecode.c.h; path = MJRefreshBackGifFooter.h; sourceTree = "<group>"; };
		A69633FD2407627B00EF9ADE /* MJRefreshBackStateFooter.h */ = {isa = PBXFileReference; fileEncoding = 4; lastKnownFileType = sourcecode.c.h; path = MJRefreshBackStateFooter.h; sourceTree = "<group>"; };
		A69633FE2407627B00EF9ADE /* MJRefreshBackNormalFooter.h */ = {isa = PBXFileReference; fileEncoding = 4; lastKnownFileType = sourcecode.c.h; path = MJRefreshBackNormalFooter.h; sourceTree = "<group>"; };
		A69633FF2407627B00EF9ADE /* MJRefreshBackGifFooter.m */ = {isa = PBXFileReference; fileEncoding = 4; lastKnownFileType = sourcecode.c.objc; path = MJRefreshBackGifFooter.m; sourceTree = "<group>"; };
		A69634002407627B00EF9ADE /* MJRefreshBackStateFooter.m */ = {isa = PBXFileReference; fileEncoding = 4; lastKnownFileType = sourcecode.c.objc; path = MJRefreshBackStateFooter.m; sourceTree = "<group>"; };
		A69634012407627B00EF9ADE /* MJRefreshBackNormalFooter.m */ = {isa = PBXFileReference; fileEncoding = 4; lastKnownFileType = sourcecode.c.objc; path = MJRefreshBackNormalFooter.m; sourceTree = "<group>"; };
		A69634032407627B00EF9ADE /* MJRefreshAutoStateFooter.h */ = {isa = PBXFileReference; fileEncoding = 4; lastKnownFileType = sourcecode.c.h; path = MJRefreshAutoStateFooter.h; sourceTree = "<group>"; };
		A69634042407627B00EF9ADE /* MJRefreshAutoNormalFooter.h */ = {isa = PBXFileReference; fileEncoding = 4; lastKnownFileType = sourcecode.c.h; path = MJRefreshAutoNormalFooter.h; sourceTree = "<group>"; };
		A69634052407627B00EF9ADE /* MJRefreshAutoGifFooter.h */ = {isa = PBXFileReference; fileEncoding = 4; lastKnownFileType = sourcecode.c.h; path = MJRefreshAutoGifFooter.h; sourceTree = "<group>"; };
		A69634062407627B00EF9ADE /* MJRefreshAutoStateFooter.m */ = {isa = PBXFileReference; fileEncoding = 4; lastKnownFileType = sourcecode.c.objc; path = MJRefreshAutoStateFooter.m; sourceTree = "<group>"; };
		A69634072407627B00EF9ADE /* MJRefreshAutoGifFooter.m */ = {isa = PBXFileReference; fileEncoding = 4; lastKnownFileType = sourcecode.c.objc; path = MJRefreshAutoGifFooter.m; sourceTree = "<group>"; };
		A69634082407627B00EF9ADE /* MJRefreshAutoNormalFooter.m */ = {isa = PBXFileReference; fileEncoding = 4; lastKnownFileType = sourcecode.c.objc; path = MJRefreshAutoNormalFooter.m; sourceTree = "<group>"; };
		A696340A2407627B00EF9ADE /* MJRefreshNormalHeader.m */ = {isa = PBXFileReference; fileEncoding = 4; lastKnownFileType = sourcecode.c.objc; path = MJRefreshNormalHeader.m; sourceTree = "<group>"; };
		A696340B2407627B00EF9ADE /* MJRefreshStateHeader.h */ = {isa = PBXFileReference; fileEncoding = 4; lastKnownFileType = sourcecode.c.h; path = MJRefreshStateHeader.h; sourceTree = "<group>"; };
		A696340C2407627B00EF9ADE /* MJRefreshGifHeader.h */ = {isa = PBXFileReference; fileEncoding = 4; lastKnownFileType = sourcecode.c.h; path = MJRefreshGifHeader.h; sourceTree = "<group>"; };
		A696340D2407627B00EF9ADE /* MJRefreshNormalHeader.h */ = {isa = PBXFileReference; fileEncoding = 4; lastKnownFileType = sourcecode.c.h; path = MJRefreshNormalHeader.h; sourceTree = "<group>"; };
		A696340E2407627B00EF9ADE /* MJRefreshStateHeader.m */ = {isa = PBXFileReference; fileEncoding = 4; lastKnownFileType = sourcecode.c.objc; path = MJRefreshStateHeader.m; sourceTree = "<group>"; };
		A696340F2407627B00EF9ADE /* MJRefreshGifHeader.m */ = {isa = PBXFileReference; fileEncoding = 4; lastKnownFileType = sourcecode.c.objc; path = MJRefreshGifHeader.m; sourceTree = "<group>"; };
		A69634112407627B00EF9ADE /* MJRefreshFooter.m */ = {isa = PBXFileReference; fileEncoding = 4; lastKnownFileType = sourcecode.c.objc; path = MJRefreshFooter.m; sourceTree = "<group>"; };
		A69634122407627B00EF9ADE /* MJRefreshComponent.h */ = {isa = PBXFileReference; fileEncoding = 4; lastKnownFileType = sourcecode.c.h; path = MJRefreshComponent.h; sourceTree = "<group>"; };
		A69634132407627B00EF9ADE /* MJRefreshHeader.m */ = {isa = PBXFileReference; fileEncoding = 4; lastKnownFileType = sourcecode.c.objc; path = MJRefreshHeader.m; sourceTree = "<group>"; };
		A69634142407627B00EF9ADE /* MJRefreshAutoFooter.h */ = {isa = PBXFileReference; fileEncoding = 4; lastKnownFileType = sourcecode.c.h; path = MJRefreshAutoFooter.h; sourceTree = "<group>"; };
		A69634152407627B00EF9ADE /* MJRefreshBackFooter.m */ = {isa = PBXFileReference; fileEncoding = 4; lastKnownFileType = sourcecode.c.objc; path = MJRefreshBackFooter.m; sourceTree = "<group>"; };
		A69634162407627B00EF9ADE /* MJRefreshAutoFooter.m */ = {isa = PBXFileReference; fileEncoding = 4; lastKnownFileType = sourcecode.c.objc; path = MJRefreshAutoFooter.m; sourceTree = "<group>"; };
		A69634172407627B00EF9ADE /* MJRefreshHeader.h */ = {isa = PBXFileReference; fileEncoding = 4; lastKnownFileType = sourcecode.c.h; path = MJRefreshHeader.h; sourceTree = "<group>"; };
		A69634182407627B00EF9ADE /* MJRefreshComponent.m */ = {isa = PBXFileReference; fileEncoding = 4; lastKnownFileType = sourcecode.c.objc; path = MJRefreshComponent.m; sourceTree = "<group>"; };
		A69634192407627B00EF9ADE /* MJRefreshFooter.h */ = {isa = PBXFileReference; fileEncoding = 4; lastKnownFileType = sourcecode.c.h; path = MJRefreshFooter.h; sourceTree = "<group>"; };
		A696341A2407627B00EF9ADE /* MJRefreshBackFooter.h */ = {isa = PBXFileReference; fileEncoding = 4; lastKnownFileType = sourcecode.c.h; path = MJRefreshBackFooter.h; sourceTree = "<group>"; };
		A696343024076C1D00EF9ADE /* BusinessInvitation.h */ = {isa = PBXFileReference; lastKnownFileType = sourcecode.c.h; path = BusinessInvitation.h; sourceTree = "<group>"; };
		A696343124076C1D00EF9ADE /* BusinessInvitation.m */ = {isa = PBXFileReference; lastKnownFileType = sourcecode.c.objc; path = BusinessInvitation.m; sourceTree = "<group>"; };
		A6963434240791C000EF9ADE /* BusinessInvitationToolBar.h */ = {isa = PBXFileReference; fileEncoding = 4; lastKnownFileType = sourcecode.c.h; path = BusinessInvitationToolBar.h; sourceTree = "<group>"; };
		A6963435240791C000EF9ADE /* BusinessInvitationToolBar.m */ = {isa = PBXFileReference; fileEncoding = 4; lastKnownFileType = sourcecode.c.objc; path = BusinessInvitationToolBar.m; sourceTree = "<group>"; };
		A6963436240791C000EF9ADE /* BusinessInvitationToolBar.xib */ = {isa = PBXFileReference; fileEncoding = 4; lastKnownFileType = file.xib; path = BusinessInvitationToolBar.xib; sourceTree = "<group>"; };
/* End PBXFileReference section */

/* Begin PBXFrameworksBuildPhase section */
		A69633C7240761AE00EF9ADE /* Frameworks */ = {
			isa = PBXFrameworksBuildPhase;
			buildActionMask = 2147483647;
			files = (
			);
			runOnlyForDeploymentPostprocessing = 0;
		};
/* End PBXFrameworksBuildPhase section */

/* Begin PBXGroup section */
		A69633C1240761AE00EF9ADE = {
			isa = PBXGroup;
			children = (
				A69633EC2407627B00EF9ADE /* MJRefresh */,
				A69633CC240761AE00EF9ADE /* TableViewSelectedDemo */,
				A69633CB240761AE00EF9ADE /* Products */,
			);
			sourceTree = "<group>";
		};
		A69633CB240761AE00EF9ADE /* Products */ = {
			isa = PBXGroup;
			children = (
				A69633CA240761AE00EF9ADE /* TableViewSelectedDemo.app */,
			);
			name = Products;
			sourceTree = "<group>";
		};
		A69633CC240761AE00EF9ADE /* TableViewSelectedDemo */ = {
			isa = PBXGroup;
			children = (
				A6963433240791C000EF9ADE /* BusinessInvitationToolBar */,
				A696342F24076C0F00EF9ADE /* BusinessInvitation */,
				A69633E62407625D00EF9ADE /* BusinessInvitationCell */,
				A69633CD240761AE00EF9ADE /* AppDelegate.h */,
				A69633CE240761AE00EF9ADE /* AppDelegate.m */,
				A69633D0240761AE00EF9ADE /* SceneDelegate.h */,
				A69633D1240761AE00EF9ADE /* SceneDelegate.m */,
				A69633D3240761AE00EF9ADE /* ViewController.h */,
				A69633D4240761AE00EF9ADE /* ViewController.m */,
				A69633D6240761AE00EF9ADE /* Main.storyboard */,
				A69633D9240761B300EF9ADE /* Assets.xcassets */,
				A69633DB240761B300EF9ADE /* LaunchScreen.storyboard */,
				A69633DE240761B300EF9ADE /* Info.plist */,
				A69633DF240761B300EF9ADE /* main.m */,
			);
			path = TableViewSelectedDemo;
			sourceTree = "<group>";
		};
		A69633E62407625D00EF9ADE /* BusinessInvitationCell */ = {
			isa = PBXGroup;
			children = (
				A69633E72407625D00EF9ADE /* BusinessInvitationCell.xib */,
				A69633E82407625D00EF9ADE /* BusinessInvitationCell.h */,
				A69633E92407625D00EF9ADE /* BusinessInvitationCell.m */,
			);
			path = BusinessInvitationCell;
			sourceTree = "<group>";
		};
		A69633EC2407627B00EF9ADE /* MJRefresh */ = {
			isa = PBXGroup;
			children = (
				A69633ED2407627B00EF9ADE /* UIScrollView+MJRefresh.m */,
				A69633EE2407627B00EF9ADE /* MJRefreshConst.m */,
				A69633EF2407627B00EF9ADE /* UIScrollView+MJExtension.h */,
				A69633F02407627B00EF9ADE /* MJRefresh.h */,
				A69633F12407627B00EF9ADE /* NSBundle+MJRefresh.h */,
				A69633F22407627B00EF9ADE /* MJRefresh.bundle */,
				A69633F32407627B00EF9ADE /* UIView+MJExtension.h */,
				A69633F42407627B00EF9ADE /* UIScrollView+MJExtension.m */,
				A69633F52407627B00EF9ADE /* MJRefreshConst.h */,
				A69633F62407627B00EF9ADE /* UIScrollView+MJRefresh.h */,
				A69633F72407627B00EF9ADE /* NSBundle+MJRefresh.m */,
				A69633F82407627B00EF9ADE /* UIView+MJExtension.m */,
				A69633F92407627B00EF9ADE /* Custom */,
				A69634102407627B00EF9ADE /* Base */,
			);
			path = MJRefresh;
			sourceTree = "<group>";
		};
		A69633F92407627B00EF9ADE /* Custom */ = {
			isa = PBXGroup;
			children = (
				A69633FA2407627B00EF9ADE /* Footer */,
				A69634092407627B00EF9ADE /* Header */,
			);
			path = Custom;
			sourceTree = "<group>";
		};
		A69633FA2407627B00EF9ADE /* Footer */ = {
			isa = PBXGroup;
			children = (
				A69633FB2407627B00EF9ADE /* Back */,
				A69634022407627B00EF9ADE /* Auto */,
			);
			path = Footer;
			sourceTree = "<group>";
		};
		A69633FB2407627B00EF9ADE /* Back */ = {
			isa = PBXGroup;
			children = (
				A69633FC2407627B00EF9ADE /* MJRefreshBackGifFooter.h */,
				A69633FD2407627B00EF9ADE /* MJRefreshBackStateFooter.h */,
				A69633FE2407627B00EF9ADE /* MJRefreshBackNormalFooter.h */,
				A69633FF2407627B00EF9ADE /* MJRefreshBackGifFooter.m */,
				A69634002407627B00EF9ADE /* MJRefreshBackStateFooter.m */,
				A69634012407627B00EF9ADE /* MJRefreshBackNormalFooter.m */,
			);
			path = Back;
			sourceTree = "<group>";
		};
		A69634022407627B00EF9ADE /* Auto */ = {
			isa = PBXGroup;
			children = (
				A69634032407627B00EF9ADE /* MJRefreshAutoStateFooter.h */,
				A69634042407627B00EF9ADE /* MJRefreshAutoNormalFooter.h */,
				A69634052407627B00EF9ADE /* MJRefreshAutoGifFooter.h */,
				A69634062407627B00EF9ADE /* MJRefreshAutoStateFooter.m */,
				A69634072407627B00EF9ADE /* MJRefreshAutoGifFooter.m */,
				A69634082407627B00EF9ADE /* MJRefreshAutoNormalFooter.m */,
			);
			path = Auto;
			sourceTree = "<group>";
		};
		A69634092407627B00EF9ADE /* Header */ = {
			isa = PBXGroup;
			children = (
				A696340A2407627B00EF9ADE /* MJRefreshNormalHeader.m */,
				A696340B2407627B00EF9ADE /* MJRefreshStateHeader.h */,
				A696340C2407627B00EF9ADE /* MJRefreshGifHeader.h */,
				A696340D2407627B00EF9ADE /* MJRefreshNormalHeader.h */,
				A696340E2407627B00EF9ADE /* MJRefreshStateHeader.m */,
				A696340F2407627B00EF9ADE /* MJRefreshGifHeader.m */,
			);
			path = Header;
			sourceTree = "<group>";
		};
		A69634102407627B00EF9ADE /* Base */ = {
			isa = PBXGroup;
			children = (
				A69634112407627B00EF9ADE /* MJRefreshFooter.m */,
				A69634122407627B00EF9ADE /* MJRefreshComponent.h */,
				A69634132407627B00EF9ADE /* MJRefreshHeader.m */,
				A69634142407627B00EF9ADE /* MJRefreshAutoFooter.h */,
				A69634152407627B00EF9ADE /* MJRefreshBackFooter.m */,
				A69634162407627B00EF9ADE /* MJRefreshAutoFooter.m */,
				A69634172407627B00EF9ADE /* MJRefreshHeader.h */,
				A69634182407627B00EF9ADE /* MJRefreshComponent.m */,
				A69634192407627B00EF9ADE /* MJRefreshFooter.h */,
				A696341A2407627B00EF9ADE /* MJRefreshBackFooter.h */,
			);
			path = Base;
			sourceTree = "<group>";
		};
		A696342F24076C0F00EF9ADE /* BusinessInvitation */ = {
			isa = PBXGroup;
			children = (
				A696343024076C1D00EF9ADE /* BusinessInvitation.h */,
				A696343124076C1D00EF9ADE /* BusinessInvitation.m */,
			);
			path = BusinessInvitation;
			sourceTree = "<group>";
		};
		A6963433240791C000EF9ADE /* BusinessInvitationToolBar */ = {
			isa = PBXGroup;
			children = (
				A6963434240791C000EF9ADE /* BusinessInvitationToolBar.h */,
				A6963435240791C000EF9ADE /* BusinessInvitationToolBar.m */,
				A6963436240791C000EF9ADE /* BusinessInvitationToolBar.xib */,
			);
			path = BusinessInvitationToolBar;
			sourceTree = "<group>";
		};
/* End PBXGroup section */

/* Begin PBXNativeTarget section */
		A69633C9240761AE00EF9ADE /* TableViewSelectedDemo */ = {
			isa = PBXNativeTarget;
			buildConfigurationList = A69633E3240761B300EF9ADE /* Build configuration list for PBXNativeTarget "TableViewSelectedDemo" */;
			buildPhases = (
				A69633C6240761AE00EF9ADE /* Sources */,
				A69633C7240761AE00EF9ADE /* Frameworks */,
				A69633C8240761AE00EF9ADE /* Resources */,
			);
			buildRules = (
			);
			dependencies = (
			);
			name = TableViewSelectedDemo;
			productName = TableViewSeletedDemo;
			productReference = A69633CA240761AE00EF9ADE /* TableViewSelectedDemo.app */;
			productType = "com.apple.product-type.application";
		};
/* End PBXNativeTarget section */

/* Begin PBXProject section */
		A69633C2240761AE00EF9ADE /* Project object */ = {
			isa = PBXProject;
			attributes = {
				LastUpgradeCheck = 1130;
				ORGANIZATIONNAME = HN;
				TargetAttributes = {
					A69633C9240761AE00EF9ADE = {
						CreatedOnToolsVersion = 11.3.1;
					};
				};
			};
			buildConfigurationList = A69633C5240761AE00EF9ADE /* Build configuration list for PBXProject "TableViewSelectedDemo" */;
			compatibilityVersion = "Xcode 9.3";
			developmentRegion = en;
			hasScannedForEncodings = 0;
			knownRegions = (
				en,
				Base,
			);
			mainGroup = A69633C1240761AE00EF9ADE;
			productRefGroup = A69633CB240761AE00EF9ADE /* Products */;
			projectDirPath = "";
			projectRoot = "";
			targets = (
				A69633C9240761AE00EF9ADE /* TableViewSelectedDemo */,
			);
		};
/* End PBXProject section */

/* Begin PBXResourcesBuildPhase section */
		A69633C8240761AE00EF9ADE /* Resources */ = {
			isa = PBXResourcesBuildPhase;
			buildActionMask = 2147483647;
			files = (
				A6963438240791C000EF9ADE /* BusinessInvitationToolBar.xib in Resources */,
				A69633EA2407625D00EF9ADE /* BusinessInvitationCell.xib in Resources */,
				A69633DD240761B300EF9ADE /* LaunchScreen.storyboard in Resources */,
				A69633DA240761B300EF9ADE /* Assets.xcassets in Resources */,
				A696341D2407627B00EF9ADE /* MJRefresh.bundle in Resources */,
				A69633D8240761AE00EF9ADE /* Main.storyboard in Resources */,
			);
			runOnlyForDeploymentPostprocessing = 0;
		};
/* End PBXResourcesBuildPhase section */

/* Begin PBXSourcesBuildPhase section */
		A69633C6240761AE00EF9ADE /* Sources */ = {
			isa = PBXSourcesBuildPhase;
			buildActionMask = 2147483647;
			files = (
				A69633D5240761AE00EF9ADE /* ViewController.m in Sources */,
				A69634202407627B00EF9ADE /* UIView+MJExtension.m in Sources */,
				A69634242407627B00EF9ADE /* MJRefreshAutoStateFooter.m in Sources */,
				A696341F2407627B00EF9ADE /* NSBundle+MJRefresh.m in Sources */,
				A69633CF240761AE00EF9ADE /* AppDelegate.m in Sources */,
				A696341B2407627B00EF9ADE /* UIScrollView+MJRefresh.m in Sources */,
				A69634212407627B00EF9ADE /* MJRefreshBackGifFooter.m in Sources */,
				A69634252407627B00EF9ADE /* MJRefreshAutoGifFooter.m in Sources */,
				A696342E2407627B00EF9ADE /* MJRefreshComponent.m in Sources */,
				A696341C2407627B00EF9ADE /* MJRefreshConst.m in Sources */,
				A696342A2407627B00EF9ADE /* MJRefreshFooter.m in Sources */,
				A696342B2407627B00EF9ADE /* MJRefreshHeader.m in Sources */,
				A696341E2407627B00EF9ADE /* UIScrollView+MJExtension.m in Sources */,
				A69634222407627B00EF9ADE /* MJRefreshBackStateFooter.m in Sources */,
				A69634292407627B00EF9ADE /* MJRefreshGifHeader.m in Sources */,
				A696342C2407627B00EF9ADE /* MJRefreshBackFooter.m in Sources */,
				A69633E0240761B300EF9ADE /* main.m in Sources */,
				A69634272407627B00EF9ADE /* MJRefreshNormalHeader.m in Sources */,
				A69634282407627B00EF9ADE /* MJRefreshStateHeader.m in Sources */,
				A696342D2407627B00EF9ADE /* MJRefreshAutoFooter.m in Sources */,
				A69633EB2407625D00EF9ADE /* BusinessInvitationCell.m in Sources */,
				A69634262407627B00EF9ADE /* MJRefreshAutoNormalFooter.m in Sources */,
				A6963437240791C000EF9ADE /* BusinessInvitationToolBar.m in Sources */,
				A69634232407627B00EF9ADE /* MJRefreshBackNormalFooter.m in Sources */,
				A696343224076C1D00EF9ADE /* BusinessInvitation.m in Sources */,
				A69633D2240761AE00EF9ADE /* SceneDelegate.m in Sources */,
			);
			runOnlyForDeploymentPostprocessing = 0;
		};
/* End PBXSourcesBuildPhase section */

/* Begin PBXVariantGroup section */
		A69633D6240761AE00EF9ADE /* Main.storyboard */ = {
			isa = PBXVariantGroup;
			children = (
				A69633D7240761AE00EF9ADE /* Base */,
			);
			name = Main.storyboard;
			sourceTree = "<group>";
		};
		A69633DB240761B300EF9ADE /* LaunchScreen.storyboard */ = {
			isa = PBXVariantGroup;
			children = (
				A69633DC240761B300EF9ADE /* Base */,
			);
			name = LaunchScreen.storyboard;
			sourceTree = "<group>";
		};
/* End PBXVariantGroup section */

/* Begin XCBuildConfiguration section */
		A69633E1240761B300EF9ADE /* Debug */ = {
			isa = XCBuildConfiguration;
			buildSettings = {
				ALWAYS_SEARCH_USER_PATHS = NO;
				CLANG_ANALYZER_NONNULL = YES;
				CLANG_ANALYZER_NUMBER_OBJECT_CONVERSION = YES_AGGRESSIVE;
				CLANG_CXX_LANGUAGE_STANDARD = "gnu++14";
				CLANG_CXX_LIBRARY = "libc++";
				CLANG_ENABLE_MODULES = YES;
				CLANG_ENABLE_OBJC_ARC = YES;
				CLANG_ENABLE_OBJC_WEAK = YES;
				CLANG_WARN_BLOCK_CAPTURE_AUTORELEASING = YES;
				CLANG_WARN_BOOL_CONVERSION = YES;
				CLANG_WARN_COMMA = YES;
				CLANG_WARN_CONSTANT_CONVERSION = YES;
				CLANG_WARN_DEPRECATED_OBJC_IMPLEMENTATIONS = YES;
				CLANG_WARN_DIRECT_OBJC_ISA_USAGE = YES_ERROR;
				CLANG_WARN_DOCUMENTATION_COMMENTS = YES;
				CLANG_WARN_EMPTY_BODY = YES;
				CLANG_WARN_ENUM_CONVERSION = YES;
				CLANG_WARN_INFINITE_RECURSION = YES;
				CLANG_WARN_INT_CONVERSION = YES;
				CLANG_WARN_NON_LITERAL_NULL_CONVERSION = YES;
				CLANG_WARN_OBJC_IMPLICIT_RETAIN_SELF = YES;
				CLANG_WARN_OBJC_LITERAL_CONVERSION = YES;
				CLANG_WARN_OBJC_ROOT_CLASS = YES_ERROR;
				CLANG_WARN_RANGE_LOOP_ANALYSIS = YES;
				CLANG_WARN_STRICT_PROTOTYPES = YES;
				CLANG_WARN_SUSPICIOUS_MOVE = YES;
				CLANG_WARN_UNGUARDED_AVAILABILITY = YES_AGGRESSIVE;
				CLANG_WARN_UNREACHABLE_CODE = YES;
				CLANG_WARN__DUPLICATE_METHOD_MATCH = YES;
				COPY_PHASE_STRIP = NO;
				DEBUG_INFORMATION_FORMAT = dwarf;
				ENABLE_STRICT_OBJC_MSGSEND = YES;
				ENABLE_TESTABILITY = YES;
				GCC_C_LANGUAGE_STANDARD = gnu11;
				GCC_DYNAMIC_NO_PIC = NO;
				GCC_NO_COMMON_BLOCKS = YES;
				GCC_OPTIMIZATION_LEVEL = 0;
				GCC_PREPROCESSOR_DEFINITIONS = (
					"DEBUG=1",
					"$(inherited)",
				);
				GCC_WARN_64_TO_32_BIT_CONVERSION = YES;
				GCC_WARN_ABOUT_RETURN_TYPE = YES_ERROR;
				GCC_WARN_UNDECLARED_SELECTOR = YES;
				GCC_WARN_UNINITIALIZED_AUTOS = YES_AGGRESSIVE;
				GCC_WARN_UNUSED_FUNCTION = YES;
				GCC_WARN_UNUSED_VARIABLE = YES;
				IPHONEOS_DEPLOYMENT_TARGET = 13.2;
				MTL_ENABLE_DEBUG_INFO = INCLUDE_SOURCE;
				MTL_FAST_MATH = YES;
				ONLY_ACTIVE_ARCH = YES;
				SDKROOT = iphoneos;
			};
			name = Debug;
		};
		A69633E2240761B300EF9ADE /* Release */ = {
			isa = XCBuildConfiguration;
			buildSettings = {
				ALWAYS_SEARCH_USER_PATHS = NO;
				CLANG_ANALYZER_NONNULL = YES;
				CLANG_ANALYZER_NUMBER_OBJECT_CONVERSION = YES_AGGRESSIVE;
				CLANG_CXX_LANGUAGE_STANDARD = "gnu++14";
				CLANG_CXX_LIBRARY = "libc++";
				CLANG_ENABLE_MODULES = YES;
				CLANG_ENABLE_OBJC_ARC = YES;
				CLANG_ENABLE_OBJC_WEAK = YES;
				CLANG_WARN_BLOCK_CAPTURE_AUTORELEASING = YES;
				CLANG_WARN_BOOL_CONVERSION = YES;
				CLANG_WARN_COMMA = YES;
				CLANG_WARN_CONSTANT_CONVERSION = YES;
				CLANG_WARN_DEPRECATED_OBJC_IMPLEMENTATIONS = YES;
				CLANG_WARN_DIRECT_OBJC_ISA_USAGE = YES_ERROR;
				CLANG_WARN_DOCUMENTATION_COMMENTS = YES;
				CLANG_WARN_EMPTY_BODY = YES;
				CLANG_WARN_ENUM_CONVERSION = YES;
				CLANG_WARN_INFINITE_RECURSION = YES;
				CLANG_WARN_INT_CONVERSION = YES;
				CLANG_WARN_NON_LITERAL_NULL_CONVERSION = YES;
				CLANG_WARN_OBJC_IMPLICIT_RETAIN_SELF = YES;
				CLANG_WARN_OBJC_LITERAL_CONVERSION = YES;
				CLANG_WARN_OBJC_ROOT_CLASS = YES_ERROR;
				CLANG_WARN_RANGE_LOOP_ANALYSIS = YES;
				CLANG_WARN_STRICT_PROTOTYPES = YES;
				CLANG_WARN_SUSPICIOUS_MOVE = YES;
				CLANG_WARN_UNGUARDED_AVAILABILITY = YES_AGGRESSIVE;
				CLANG_WARN_UNREACHABLE_CODE = YES;
				CLANG_WARN__DUPLICATE_METHOD_MATCH = YES;
				COPY_PHASE_STRIP = NO;
				DEBUG_INFORMATION_FORMAT = "dwarf-with-dsym";
				ENABLE_NS_ASSERTIONS = NO;
				ENABLE_STRICT_OBJC_MSGSEND = YES;
				GCC_C_LANGUAGE_STANDARD = gnu11;
				GCC_NO_COMMON_BLOCKS = YES;
				GCC_WARN_64_TO_32_BIT_CONVERSION = YES;
				GCC_WARN_ABOUT_RETURN_TYPE = YES_ERROR;
				GCC_WARN_UNDECLARED_SELECTOR = YES;
				GCC_WARN_UNINITIALIZED_AUTOS = YES_AGGRESSIVE;
				GCC_WARN_UNUSED_FUNCTION = YES;
				GCC_WARN_UNUSED_VARIABLE = YES;
				IPHONEOS_DEPLOYMENT_TARGET = 13.2;
				MTL_ENABLE_DEBUG_INFO = NO;
				MTL_FAST_MATH = YES;
				SDKROOT = iphoneos;
				VALIDATE_PRODUCT = YES;
			};
			name = Release;
		};
		A69633E4240761B300EF9ADE /* Debug */ = {
			isa = XCBuildConfiguration;
			buildSettings = {
				ASSETCATALOG_COMPILER_APPICON_NAME = AppIcon;
				CODE_SIGN_STYLE = Automatic;
				DEVELOPMENT_TEAM = G455RMLLQ5;
				INFOPLIST_FILE = "$(SRCROOT)/TableViewSelectedDemo/Info.plist";
				IPHONEOS_DEPLOYMENT_TARGET = 9.0;
				LD_RUNPATH_SEARCH_PATHS = (
					"$(inherited)",
					"@executable_path/Frameworks",
				);
				PRODUCT_BUNDLE_IDENTIFIER = com.cnhnb.TableViewSelectedDemo;
				PRODUCT_NAME = TableViewSelectedDemo;
				TARGETED_DEVICE_FAMILY = "1,2";
			};
			name = Debug;
		};
		A69633E5240761B300EF9ADE /* Release */ = {
			isa = XCBuildConfiguration;
			buildSettings = {
				ASSETCATALOG_COMPILER_APPICON_NAME = AppIcon;
				CODE_SIGN_STYLE = Automatic;
				DEVELOPMENT_TEAM = G455RMLLQ5;
				INFOPLIST_FILE = "$(SRCROOT)/TableViewSelectedDemo/Info.plist";
				IPHONEOS_DEPLOYMENT_TARGET = 9.0;
				LD_RUNPATH_SEARCH_PATHS = (
					"$(inherited)",
					"@executable_path/Frameworks",
				);
				PRODUCT_BUNDLE_IDENTIFIER = com.cnhnb.TableViewSelectedDemo;
				PRODUCT_NAME = TableViewSelectedDemo;
				TARGETED_DEVICE_FAMILY = "1,2";
			};
			name = Release;
		};
/* End XCBuildConfiguration section */

/* Begin XCConfigurationList section */
		A69633C5240761AE00EF9ADE /* Build configuration list for PBXProject "TableViewSelectedDemo" */ = {
			isa = XCConfigurationList;
			buildConfigurations = (
				A69633E1240761B300EF9ADE /* Debug */,
				A69633E2240761B300EF9ADE /* Release */,
			);
			defaultConfigurationIsVisible = 0;
			defaultConfigurationName = Release;
		};
		A69633E3240761B300EF9ADE /* Build configuration list for PBXNativeTarget "TableViewSelectedDemo" */ = {
			isa = XCConfigurationList;
			buildConfigurations = (
				A69633E4240761B300EF9ADE /* Debug */,
				A69633E5240761B300EF9ADE /* Release */,
			);
			defaultConfigurationIsVisible = 0;
			defaultConfigurationName = Release;
		};
/* End XCConfigurationList section */
	};
	rootObject = A69633C2240761AE00EF9ADE /* Project object */;
}
